
Microsoft Visual Studio Solution File, Format Version 12.00
# Visual Studio Version 17
VisualStudioVersion = 17.4.33205.214
MinimumVisualStudioVersion = 10.0.40219.1
Project("{FAE04EC0-301F-11D3-BF4B-00C04F79EFBC}") = "Desafio1", "Desafio1\Desafio1.csproj", "{BC99A4D8-CD25-494A-B408-91B97BB8AC81}"
EndProject
Project("{FAE04EC0-301F-11D3-BF4B-00C04F79EFBC}") = "Desafio2", "Desafio2\Desafio2.csproj", "{37597782-0A65-457C-B1DC-0115B1952F02}"
EndProject
Project("{FAE04EC0-301F-11D3-BF4B-00C04F79EFBC}") = "Desafio3", "Desafio3\Desafio3.csproj", "{795EE196-B52D-4BB9-8D15-EA16C48154DD}"
EndProject
Global
	GlobalSection(SolutionConfigurationPlatforms) = preSolution
		Debug|Any CPU = Debug|Any CPU
		Release|Any CPU = Release|Any CPU
	EndGlobalSection
	GlobalSection(ProjectConfigurationPlatforms) = postSolution
		{BC99A4D8-CD25-494A-B408-91B97BB8AC81}.Debug|Any CPU.ActiveCfg = Debug|Any CPU
		{BC99A4D8-CD25-494A-B408-91B97BB8AC81}.Debug|Any CPU.Build.0 = Debug|Any CPU
		{BC99A4D8-CD25-494A-B408-91B97BB8AC81}.Release|Any CPU.ActiveCfg = Release|Any CPU
		{BC99A4D8-CD25-494A-B408-91B97BB8AC81}.Release|Any CPU.Build.0 = Release|Any CPU
		{37597782-0A65-457C-B1DC-0115B1952F02}.Debug|Any CPU.ActiveCfg = Debug|Any CPU
		{37597782-0A65-457C-B1DC-0115B1952F02}.Debug|Any CPU.Build.0 = Debug|Any CPU
		{37597782-0A65-457C-B1DC-0115B1952F02}.Release|Any CPU.ActiveCfg = Release|Any CPU
		{37597782-0A65-457C-B1DC-0115B1952F02}.Release|Any CPU.Build.0 = Release|Any CPU
		{795EE196-B52D-4BB9-8D15-EA16C48154DD}.Debug|Any CPU.ActiveCfg = Debug|Any CPU
		{795EE196-B52D-4BB9-8D15-EA16C48154DD}.Debug|Any CPU.Build.0 = Debug|Any CPU
		{795EE196-B52D-4BB9-8D15-EA16C48154DD}.Release|Any CPU.ActiveCfg = Release|Any CPU
		{795EE196-B52D-4BB9-8D15-EA16C48154DD}.Release|Any CPU.Build.0 = Release|Any CPU
	EndGlobalSection
	GlobalSection(SolutionProperties) = preSolution
		HideSolutionNode = FALSE
	EndGlobalSection
	GlobalSection(ExtensibilityGlobals) = postSolution
		SolutionGuid = {FDFB8DF4-EFE0-4C92-AE6C-59CEB5E926B5}
	EndGlobalSection
EndGlobal
